// !$*UTF8*$!
{
	archiveVersion = 1;
	classes = {
	};
	objectVersion = 50;
	objects = {

/* Begin PBXBuildFile section */
		9E99167F262870030016350D /* ColorExtension.swift in Sources */ = {isa = PBXBuildFile; fileRef = 9E99167E262870030016350D /* ColorExtension.swift */; };
		9E991684262876200016350D /* Period.swift in Sources */ = {isa = PBXBuildFile; fileRef = 9E991683262876200016350D /* Period.swift */; };
		9E99168A2628888D0016350D /* HorizontalLineShape.swift in Sources */ = {isa = PBXBuildFile; fileRef = 9E9916892628888D0016350D /* HorizontalLineShape.swift */; };
		9E9916912628A4CE0016350D /* PrimaryButton.swift in Sources */ = {isa = PBXBuildFile; fileRef = 9E9916902628A4CE0016350D /* PrimaryButton.swift */; };
		9EBACC0B2623E8960018CDDC /* TaskItemView.swift in Sources */ = {isa = PBXBuildFile; fileRef = 9EBACC0A2623E8960018CDDC /* TaskItemView.swift */; };
		AA766C092628E7E000E0981E /* TitleFieldModifier.swift in Sources */ = {isa = PBXBuildFile; fileRef = AA766C072628E7E000E0981E /* TitleFieldModifier.swift */; };
		AA766C0A2628E7E000E0981E /* DescriptionFieldModifier.swift in Sources */ = {isa = PBXBuildFile; fileRef = AA766C082628E7E000E0981E /* DescriptionFieldModifier.swift */; };
		AA766C0D2628E86500E0981E /* TaskDetailModifier.swift in Sources */ = {isa = PBXBuildFile; fileRef = AA766C0C2628E86500E0981E /* TaskDetailModifier.swift */; };
		AA766C102628E9F400E0981E /* LabelModifier.swift in Sources */ = {isa = PBXBuildFile; fileRef = AA766C0F2628E9F400E0981E /* LabelModifier.swift */; };
		AAF9CF69262222FA00F48AEB /* CoTaskApp.swift in Sources */ = {isa = PBXBuildFile; fileRef = AAF9CF68262222FA00F48AEB /* CoTaskApp.swift */; };
		AAF9CF6B262222FA00F48AEB /* ContentView.swift in Sources */ = {isa = PBXBuildFile; fileRef = AAF9CF6A262222FA00F48AEB /* ContentView.swift */; };
		AAF9CF6D262222FC00F48AEB /* Assets.xcassets in Resources */ = {isa = PBXBuildFile; fileRef = AAF9CF6C262222FC00F48AEB /* Assets.xcassets */; };
		AAF9CF70262222FC00F48AEB /* Preview Assets.xcassets in Resources */ = {isa = PBXBuildFile; fileRef = AAF9CF6F262222FC00F48AEB /* Preview Assets.xcassets */; };
		AAF9CF72262222FC00F48AEB /* Persistence.swift in Sources */ = {isa = PBXBuildFile; fileRef = AAF9CF71262222FC00F48AEB /* Persistence.swift */; };
		AAF9CF75262222FC00F48AEB /* CoTask.xcdatamodeld in Sources */ = {isa = PBXBuildFile; fileRef = AAF9CF73262222FC00F48AEB /* CoTask.xcdatamodeld */; };
		AAF9CF7E2622239700F48AEB /* AddTaskView.swift in Sources */ = {isa = PBXBuildFile; fileRef = AAF9CF7D2622239700F48AEB /* AddTaskView.swift */; };
		AAF9CF822622361000F48AEB /* TaskDetailsView.swift in Sources */ = {isa = PBXBuildFile; fileRef = AAF9CF812622361000F48AEB /* TaskDetailsView.swift */; };
/* End PBXBuildFile section */

/* Begin PBXFileReference section */
		9E99167E262870030016350D /* ColorExtension.swift */ = {isa = PBXFileReference; lastKnownFileType = sourcecode.swift; path = ColorExtension.swift; sourceTree = "<group>"; };
		9E991683262876200016350D /* Period.swift */ = {isa = PBXFileReference; lastKnownFileType = sourcecode.swift; path = Period.swift; sourceTree = "<group>"; };
		9E9916892628888D0016350D /* HorizontalLineShape.swift */ = {isa = PBXFileReference; lastKnownFileType = sourcecode.swift; path = HorizontalLineShape.swift; sourceTree = "<group>"; };
		9E9916902628A4CE0016350D /* PrimaryButton.swift */ = {isa = PBXFileReference; lastKnownFileType = sourcecode.swift; path = PrimaryButton.swift; sourceTree = "<group>"; };
		9EBACC0A2623E8960018CDDC /* TaskItemView.swift */ = {isa = PBXFileReference; lastKnownFileType = sourcecode.swift; path = TaskItemView.swift; sourceTree = "<group>"; };
		AA766C072628E7E000E0981E /* TitleFieldModifier.swift */ = {isa = PBXFileReference; fileEncoding = 4; lastKnownFileType = sourcecode.swift; path = TitleFieldModifier.swift; sourceTree = "<group>"; };
		AA766C082628E7E000E0981E /* DescriptionFieldModifier.swift */ = {isa = PBXFileReference; fileEncoding = 4; lastKnownFileType = sourcecode.swift; path = DescriptionFieldModifier.swift; sourceTree = "<group>"; };
		AA766C0C2628E86500E0981E /* TaskDetailModifier.swift */ = {isa = PBXFileReference; lastKnownFileType = sourcecode.swift; path = TaskDetailModifier.swift; sourceTree = "<group>"; };
		AA766C0F2628E9F400E0981E /* LabelModifier.swift */ = {isa = PBXFileReference; lastKnownFileType = sourcecode.swift; path = LabelModifier.swift; sourceTree = "<group>"; };
		AAF9CF65262222FA00F48AEB /* CoTask.app */ = {isa = PBXFileReference; explicitFileType = wrapper.application; includeInIndex = 0; path = CoTask.app; sourceTree = BUILT_PRODUCTS_DIR; };
		AAF9CF68262222FA00F48AEB /* CoTaskApp.swift */ = {isa = PBXFileReference; lastKnownFileType = sourcecode.swift; path = CoTaskApp.swift; sourceTree = "<group>"; };
		AAF9CF6A262222FA00F48AEB /* ContentView.swift */ = {isa = PBXFileReference; lastKnownFileType = sourcecode.swift; path = ContentView.swift; sourceTree = "<group>"; };
		AAF9CF6C262222FC00F48AEB /* Assets.xcassets */ = {isa = PBXFileReference; lastKnownFileType = folder.assetcatalog; path = Assets.xcassets; sourceTree = "<group>"; };
		AAF9CF6F262222FC00F48AEB /* Preview Assets.xcassets */ = {isa = PBXFileReference; lastKnownFileType = folder.assetcatalog; path = "Preview Assets.xcassets"; sourceTree = "<group>"; };
		AAF9CF71262222FC00F48AEB /* Persistence.swift */ = {isa = PBXFileReference; lastKnownFileType = sourcecode.swift; path = Persistence.swift; sourceTree = "<group>"; };
		AAF9CF74262222FC00F48AEB /* CoTask.xcdatamodel */ = {isa = PBXFileReference; lastKnownFileType = wrapper.xcdatamodel; path = CoTask.xcdatamodel; sourceTree = "<group>"; };
		AAF9CF76262222FC00F48AEB /* Info.plist */ = {isa = PBXFileReference; lastKnownFileType = text.plist.xml; path = Info.plist; sourceTree = "<group>"; };
		AAF9CF7D2622239700F48AEB /* AddTaskView.swift */ = {isa = PBXFileReference; lastKnownFileType = sourcecode.swift; path = AddTaskView.swift; sourceTree = "<group>"; };
		AAF9CF812622361000F48AEB /* TaskDetailsView.swift */ = {isa = PBXFileReference; lastKnownFileType = sourcecode.swift; path = TaskDetailsView.swift; sourceTree = "<group>"; };
/* End PBXFileReference section */

/* Begin PBXFrameworksBuildPhase section */
		AAF9CF62262222FA00F48AEB /* Frameworks */ = {
			isa = PBXFrameworksBuildPhase;
			buildActionMask = 2147483647;
			files = (
			);
			runOnlyForDeploymentPostprocessing = 0;
		};
/* End PBXFrameworksBuildPhase section */

/* Begin PBXGroup section */
		9E99167626286E3B0016350D /* Views */ = {
			isa = PBXGroup;
			children = (
				AAF9CF6A262222FA00F48AEB /* ContentView.swift */,
				9EBACC0A2623E8960018CDDC /* TaskItemView.swift */,
				AAF9CF812622361000F48AEB /* TaskDetailsView.swift */,
				AAF9CF7D2622239700F48AEB /* AddTaskView.swift */,
			);
			path = Views;
			sourceTree = "<group>";
		};
		9E99167726286E4D0016350D /* Utilities */ = {
			isa = PBXGroup;
			children = (
				9E99168F2628A4B70016350D /* ViewModifiers */,
				9E99167D26286FEB0016350D /* Extensions */,
			);
			path = Utilities;
			sourceTree = "<group>";
		};
		9E99167D26286FEB0016350D /* Extensions */ = {
			isa = PBXGroup;
			children = (
				9E99167E262870030016350D /* ColorExtension.swift */,
			);
			path = Extensions;
			sourceTree = "<group>";
		};
		9E991682262875F00016350D /* Models */ = {
			isa = PBXGroup;
			children = (
				9E991683262876200016350D /* Period.swift */,
			);
			path = Models;
			sourceTree = "<group>";
		};
		9E9916872628883D0016350D /* Resources */ = {
			isa = PBXGroup;
			children = (
				9E991688262888540016350D /* Shapes */,
			);
			path = Resources;
			sourceTree = "<group>";
		};
		9E991688262888540016350D /* Shapes */ = {
			isa = PBXGroup;
			children = (
				9E9916892628888D0016350D /* HorizontalLineShape.swift */,
			);
			path = Shapes;
			sourceTree = "<group>";
		};
		9E99168F2628A4B70016350D /* ViewModifiers */ = {
			isa = PBXGroup;
			children = (
				AA766C082628E7E000E0981E /* DescriptionFieldModifier.swift */,
				AA766C072628E7E000E0981E /* TitleFieldModifier.swift */,
				9E9916902628A4CE0016350D /* PrimaryButton.swift */,
				AA766C0C2628E86500E0981E /* TaskDetailModifier.swift */,
				AA766C0F2628E9F400E0981E /* LabelModifier.swift */,
			);
			path = ViewModifiers;
			sourceTree = "<group>";
		};
		AAF9CF5C262222FA00F48AEB = {
			isa = PBXGroup;
			children = (
				AAF9CF67262222FA00F48AEB /* CoTask */,
				AAF9CF66262222FA00F48AEB /* Products */,
			);
			sourceTree = "<group>";
		};
		AAF9CF66262222FA00F48AEB /* Products */ = {
			isa = PBXGroup;
			children = (
				AAF9CF65262222FA00F48AEB /* CoTask.app */,
			);
			name = Products;
			sourceTree = "<group>";
		};
		AAF9CF67262222FA00F48AEB /* CoTask */ = {
			isa = PBXGroup;
			children = (
				9E9916872628883D0016350D /* Resources */,
				9E991682262875F00016350D /* Models */,
				9E99167726286E4D0016350D /* Utilities */,
				9E99167626286E3B0016350D /* Views */,
				AAF9CF68262222FA00F48AEB /* CoTaskApp.swift */,
				AAF9CF6C262222FC00F48AEB /* Assets.xcassets */,
				AAF9CF71262222FC00F48AEB /* Persistence.swift */,
				AAF9CF76262222FC00F48AEB /* Info.plist */,
				AAF9CF73262222FC00F48AEB /* CoTask.xcdatamodeld */,
				AAF9CF6E262222FC00F48AEB /* Preview Content */,
			);
			path = CoTask;
			sourceTree = "<group>";
		};
		AAF9CF6E262222FC00F48AEB /* Preview Content */ = {
			isa = PBXGroup;
			children = (
				AAF9CF6F262222FC00F48AEB /* Preview Assets.xcassets */,
			);
			path = "Preview Content";
			sourceTree = "<group>";
		};
/* End PBXGroup section */

/* Begin PBXNativeTarget section */
		AAF9CF64262222FA00F48AEB /* CoTask */ = {
			isa = PBXNativeTarget;
			buildConfigurationList = AAF9CF79262222FC00F48AEB /* Build configuration list for PBXNativeTarget "CoTask" */;
			buildPhases = (
				AAF9CF61262222FA00F48AEB /* Sources */,
				AAF9CF62262222FA00F48AEB /* Frameworks */,
				AAF9CF63262222FA00F48AEB /* Resources */,
			);
			buildRules = (
			);
			dependencies = (
			);
			name = CoTask;
			productName = CoTask;
			productReference = AAF9CF65262222FA00F48AEB /* CoTask.app */;
			productType = "com.apple.product-type.application";
		};
/* End PBXNativeTarget section */

/* Begin PBXProject section */
		AAF9CF5D262222FA00F48AEB /* Project object */ = {
			isa = PBXProject;
			attributes = {
				LastSwiftUpdateCheck = 1240;
				LastUpgradeCheck = 1240;
				TargetAttributes = {
					AAF9CF64262222FA00F48AEB = {
						CreatedOnToolsVersion = 12.4;
					};
				};
			};
			buildConfigurationList = AAF9CF60262222FA00F48AEB /* Build configuration list for PBXProject "CoTask" */;
			compatibilityVersion = "Xcode 9.3";
			developmentRegion = en;
			hasScannedForEncodings = 0;
			knownRegions = (
				en,
				Base,
			);
			mainGroup = AAF9CF5C262222FA00F48AEB;
			productRefGroup = AAF9CF66262222FA00F48AEB /* Products */;
			projectDirPath = "";
			projectRoot = "";
			targets = (
				AAF9CF64262222FA00F48AEB /* CoTask */,
			);
		};
/* End PBXProject section */

/* Begin PBXResourcesBuildPhase section */
		AAF9CF63262222FA00F48AEB /* Resources */ = {
			isa = PBXResourcesBuildPhase;
			buildActionMask = 2147483647;
			files = (
				AAF9CF70262222FC00F48AEB /* Preview Assets.xcassets in Resources */,
				AAF9CF6D262222FC00F48AEB /* Assets.xcassets in Resources */,
			);
			runOnlyForDeploymentPostprocessing = 0;
		};
/* End PBXResourcesBuildPhase section */

/* Begin PBXSourcesBuildPhase section */
		AAF9CF61262222FA00F48AEB /* Sources */ = {
			isa = PBXSourcesBuildPhase;
			buildActionMask = 2147483647;
			files = (
				AAF9CF75262222FC00F48AEB /* CoTask.xcdatamodeld in Sources */,
				9E9916912628A4CE0016350D /* PrimaryButton.swift in Sources */,
				AAF9CF7E2622239700F48AEB /* AddTaskView.swift in Sources */,
				AAF9CF822622361000F48AEB /* TaskDetailsView.swift in Sources */,
				9E99168A2628888D0016350D /* HorizontalLineShape.swift in Sources */,
				AA766C102628E9F400E0981E /* LabelModifier.swift in Sources */,
				9E99167F262870030016350D /* ColorExtension.swift in Sources */,
				AA766C0D2628E86500E0981E /* TaskDetailModifier.swift in Sources */,
				9E991684262876200016350D /* Period.swift in Sources */,
				AA766C0A2628E7E000E0981E /* DescriptionFieldModifier.swift in Sources */,
				9EBACC0B2623E8960018CDDC /* TaskItemView.swift in Sources */,
				AA766C092628E7E000E0981E /* TitleFieldModifier.swift in Sources */,
				AAF9CF72262222FC00F48AEB /* Persistence.swift in Sources */,
				AAF9CF6B262222FA00F48AEB /* ContentView.swift in Sources */,
				AAF9CF69262222FA00F48AEB /* CoTaskApp.swift in Sources */,
			);
			runOnlyForDeploymentPostprocessing = 0;
		};
/* End PBXSourcesBuildPhase section */

/* Begin XCBuildConfiguration section */
		AAF9CF77262222FC00F48AEB /* Debug */ = {
			isa = XCBuildConfiguration;
			buildSettings = {
				ALWAYS_SEARCH_USER_PATHS = NO;
				CLANG_ANALYZER_NONNULL = YES;
				CLANG_ANALYZER_NUMBER_OBJECT_CONVERSION = YES_AGGRESSIVE;
				CLANG_CXX_LANGUAGE_STANDARD = "gnu++14";
				CLANG_CXX_LIBRARY = "libc++";
				CLANG_ENABLE_MODULES = YES;
				CLANG_ENABLE_OBJC_ARC = YES;
				CLANG_ENABLE_OBJC_WEAK = YES;
				CLANG_WARN_BLOCK_CAPTURE_AUTORELEASING = YES;
				CLANG_WARN_BOOL_CONVERSION = YES;
				CLANG_WARN_COMMA = YES;
				CLANG_WARN_CONSTANT_CONVERSION = YES;
				CLANG_WARN_DEPRECATED_OBJC_IMPLEMENTATIONS = YES;
				CLANG_WARN_DIRECT_OBJC_ISA_USAGE = YES_ERROR;
				CLANG_WARN_DOCUMENTATION_COMMENTS = YES;
				CLANG_WARN_EMPTY_BODY = YES;
				CLANG_WARN_ENUM_CONVERSION = YES;
				CLANG_WARN_INFINITE_RECURSION = YES;
				CLANG_WARN_INT_CONVERSION = YES;
				CLANG_WARN_NON_LITERAL_NULL_CONVERSION = YES;
				CLANG_WARN_OBJC_IMPLICIT_RETAIN_SELF = YES;
				CLANG_WARN_OBJC_LITERAL_CONVERSION = YES;
				CLANG_WARN_OBJC_ROOT_CLASS = YES_ERROR;
				CLANG_WARN_QUOTED_INCLUDE_IN_FRAMEWORK_HEADER = YES;
				CLANG_WARN_RANGE_LOOP_ANALYSIS = YES;
				CLANG_WARN_STRICT_PROTOTYPES = YES;
				CLANG_WARN_SUSPICIOUS_MOVE = YES;
				CLANG_WARN_UNGUARDED_AVAILABILITY = YES_AGGRESSIVE;
				CLANG_WARN_UNREACHABLE_CODE = YES;
				CLANG_WARN__DUPLICATE_METHOD_MATCH = YES;
				COPY_PHASE_STRIP = NO;
				DEBUG_INFORMATION_FORMAT = dwarf;
				ENABLE_STRICT_OBJC_MSGSEND = YES;
				ENABLE_TESTABILITY = YES;
				GCC_C_LANGUAGE_STANDARD = gnu11;
				GCC_DYNAMIC_NO_PIC = NO;
				GCC_NO_COMMON_BLOCKS = YES;
				GCC_OPTIMIZATION_LEVEL = 0;
				GCC_PREPROCESSOR_DEFINITIONS = (
					"DEBUG=1",
					"$(inherited)",
				);
				GCC_WARN_64_TO_32_BIT_CONVERSION = YES;
				GCC_WARN_ABOUT_RETURN_TYPE = YES_ERROR;
				GCC_WARN_UNDECLARED_SELECTOR = YES;
				GCC_WARN_UNINITIALIZED_AUTOS = YES_AGGRESSIVE;
				GCC_WARN_UNUSED_FUNCTION = YES;
				GCC_WARN_UNUSED_VARIABLE = YES;
				IPHONEOS_DEPLOYMENT_TARGET = 14.4;
				MTL_ENABLE_DEBUG_INFO = INCLUDE_SOURCE;
				MTL_FAST_MATH = YES;
				ONLY_ACTIVE_ARCH = YES;
				SDKROOT = iphoneos;
				SWIFT_ACTIVE_COMPILATION_CONDITIONS = DEBUG;
				SWIFT_OPTIMIZATION_LEVEL = "-Onone";
			};
			name = Debug;
		};
		AAF9CF78262222FC00F48AEB /* Release */ = {
			isa = XCBuildConfiguration;
			buildSettings = {
				ALWAYS_SEARCH_USER_PATHS = NO;
				CLANG_ANALYZER_NONNULL = YES;
				CLANG_ANALYZER_NUMBER_OBJECT_CONVERSION = YES_AGGRESSIVE;
				CLANG_CXX_LANGUAGE_STANDARD = "gnu++14";
				CLANG_CXX_LIBRARY = "libc++";
				CLANG_ENABLE_MODULES = YES;
				CLANG_ENABLE_OBJC_ARC = YES;
				CLANG_ENABLE_OBJC_WEAK = YES;
				CLANG_WARN_BLOCK_CAPTURE_AUTORELEASING = YES;
				CLANG_WARN_BOOL_CONVERSION = YES;
				CLANG_WARN_COMMA = YES;
				CLANG_WARN_CONSTANT_CONVERSION = YES;
				CLANG_WARN_DEPRECATED_OBJC_IMPLEMENTATIONS = YES;
				CLANG_WARN_DIRECT_OBJC_ISA_USAGE = YES_ERROR;
				CLANG_WARN_DOCUMENTATION_COMMENTS = YES;
				CLANG_WARN_EMPTY_BODY = YES;
				CLANG_WARN_ENUM_CONVERSION = YES;
				CLANG_WARN_INFINITE_RECURSION = YES;
				CLANG_WARN_INT_CONVERSION = YES;
				CLANG_WARN_NON_LITERAL_NULL_CONVERSION = YES;
				CLANG_WARN_OBJC_IMPLICIT_RETAIN_SELF = YES;
				CLANG_WARN_OBJC_LITERAL_CONVERSION = YES;
				CLANG_WARN_OBJC_ROOT_CLASS = YES_ERROR;
				CLANG_WARN_QUOTED_INCLUDE_IN_FRAMEWORK_HEADER = YES;
				CLANG_WARN_RANGE_LOOP_ANALYSIS = YES;
				CLANG_WARN_STRICT_PROTOTYPES = YES;
				CLANG_WARN_SUSPICIOUS_MOVE = YES;
				CLANG_WARN_UNGUARDED_AVAILABILITY = YES_AGGRESSIVE;
				CLANG_WARN_UNREACHABLE_CODE = YES;
				CLANG_WARN__DUPLICATE_METHOD_MATCH = YES;
				COPY_PHASE_STRIP = NO;
				DEBUG_INFORMATION_FORMAT = "dwarf-with-dsym";
				ENABLE_NS_ASSERTIONS = NO;
				ENABLE_STRICT_OBJC_MSGSEND = YES;
				GCC_C_LANGUAGE_STANDARD = gnu11;
				GCC_NO_COMMON_BLOCKS = YES;
				GCC_WARN_64_TO_32_BIT_CONVERSION = YES;
				GCC_WARN_ABOUT_RETURN_TYPE = YES_ERROR;
				GCC_WARN_UNDECLARED_SELECTOR = YES;
				GCC_WARN_UNINITIALIZED_AUTOS = YES_AGGRESSIVE;
				GCC_WARN_UNUSED_FUNCTION = YES;
				GCC_WARN_UNUSED_VARIABLE = YES;
				IPHONEOS_DEPLOYMENT_TARGET = 14.4;
				MTL_ENABLE_DEBUG_INFO = NO;
				MTL_FAST_MATH = YES;
				SDKROOT = iphoneos;
				SWIFT_COMPILATION_MODE = wholemodule;
				SWIFT_OPTIMIZATION_LEVEL = "-O";
				VALIDATE_PRODUCT = YES;
			};
			name = Release;
		};
		AAF9CF7A262222FC00F48AEB /* Debug */ = {
			isa = XCBuildConfiguration;
			buildSettings = {
				ASSETCATALOG_COMPILER_APPICON_NAME = AppIcon;
				ASSETCATALOG_COMPILER_GLOBAL_ACCENT_COLOR_NAME = AccentColor;
				CODE_SIGN_STYLE = Automatic;
				DEVELOPMENT_ASSET_PATHS = "\"CoTask/Preview Content\"";
				DEVELOPMENT_TEAM = XGNS55A248;
				ENABLE_PREVIEWS = YES;
				INFOPLIST_FILE = CoTask/Info.plist;
				IPHONEOS_DEPLOYMENT_TARGET = 14.0;
				LD_RUNPATH_SEARCH_PATHS = (
					"$(inherited)",
					"@executable_path/Frameworks",
				);
				PRODUCT_BUNDLE_IDENTIFIER = fontys.nl.CoTask;
				PRODUCT_NAME = "$(TARGET_NAME)";
				SWIFT_VERSION = 5.0;
				TARGETED_DEVICE_FAMILY = "1,2";
			};
			name = Debug;
		};
		AAF9CF7B262222FC00F48AEB /* Release */ = {
			isa = XCBuildConfiguration;
			buildSettings = {
				ASSETCATALOG_COMPILER_APPICON_NAME = AppIcon;
				ASSETCATALOG_COMPILER_GLOBAL_ACCENT_COLOR_NAME = AccentColor;
				CODE_SIGN_STYLE = Automatic;
				DEVELOPMENT_ASSET_PATHS = "\"CoTask/Preview Content\"";
				DEVELOPMENT_TEAM = XGNS55A248;
				ENABLE_PREVIEWS = YES;
				INFOPLIST_FILE = CoTask/Info.plist;
				IPHONEOS_DEPLOYMENT_TARGET = 14.0;
				LD_RUNPATH_SEARCH_PATHS = (
					"$(inherited)",
					"@executable_path/Frameworks",
				);
				PRODUCT_BUNDLE_IDENTIFIER = fontys.nl.CoTask;
				PRODUCT_NAME = "$(TARGET_NAME)";
				SWIFT_VERSION = 5.0;
				TARGETED_DEVICE_FAMILY = "1,2";
			};
			name = Release;
		};
/* End XCBuildConfiguration section */

/* Begin XCConfigurationList section */
		AAF9CF60262222FA00F48AEB /* Build configuration list for PBXProject "CoTask" */ = {
			isa = XCConfigurationList;
			buildConfigurations = (
				AAF9CF77262222FC00F48AEB /* Debug */,
				AAF9CF78262222FC00F48AEB /* Release */,
			);
			defaultConfigurationIsVisible = 0;
			defaultConfigurationName = Release;
		};
		AAF9CF79262222FC00F48AEB /* Build configuration list for PBXNativeTarget "CoTask" */ = {
			isa = XCConfigurationList;
			buildConfigurations = (
				AAF9CF7A262222FC00F48AEB /* Debug */,
				AAF9CF7B262222FC00F48AEB /* Release */,
			);
			defaultConfigurationIsVisible = 0;
			defaultConfigurationName = Release;
		};
/* End XCConfigurationList section */

/* Begin XCVersionGroup section */
		AAF9CF73262222FC00F48AEB /* CoTask.xcdatamodeld */ = {
			isa = XCVersionGroup;
			children = (
				AAF9CF74262222FC00F48AEB /* CoTask.xcdatamodel */,
			);
			currentVersion = AAF9CF74262222FC00F48AEB /* CoTask.xcdatamodel */;
			path = CoTask.xcdatamodeld;
			sourceTree = "<group>";
			versionGroupType = wrapper.xcdatamodel;
		};
/* End XCVersionGroup section */
	};
	rootObject = AAF9CF5D262222FA00F48AEB /* Project object */;
}
